
Microsoft Visual Studio Solution File, Format Version 12.00
# Visual Studio Version 16
VisualStudioVersion = 16.0.30611.23
MinimumVisualStudioVersion = 10.0.40219.1
Project("{FAE04EC0-301F-11D3-BF4B-00C04F79EFBC}") = "T04R", "T04R\T04R.csproj", "{2012F145-75D9-42EA-9DB2-3A7C37627EDD}"
EndProject
Global
	GlobalSection(SolutionConfigurationPlatforms) = preSolution
		Debug|Any CPU = Debug|Any CPU
		Release|Any CPU = Release|Any CPU
	EndGlobalSection
	GlobalSection(ProjectConfigurationPlatforms) = postSolution
		{2012F145-75D9-42EA-9DB2-3A7C37627EDD}.Debug|Any CPU.ActiveCfg = Debug|Any CPU
		{2012F145-75D9-42EA-9DB2-3A7C37627EDD}.Debug|Any CPU.Build.0 = Debug|Any CPU
		{2012F145-75D9-42EA-9DB2-3A7C37627EDD}.Release|Any CPU.ActiveCfg = Release|Any CPU
		{2012F145-75D9-42EA-9DB2-3A7C37627EDD}.Release|Any CPU.Build.0 = Release|Any CPU
	EndGlobalSection
	GlobalSection(SolutionProperties) = preSolution
		HideSolutionNode = FALSE
	EndGlobalSection
	GlobalSection(ExtensibilityGlobals) = postSolution
		SolutionGuid = {54188CDA-25FB-401D-AA51-4CCFFE9C779C}
	EndGlobalSection
EndGlobal
